
Microsoft Visual Studio Solution File, Format Version 12.00
# Visual Studio Version 16
VisualStudioVersion = 16.0.30320.27
MinimumVisualStudioVersion = 10.0.40219.1
Project("{FAE04EC0-301F-11D3-BF4B-00C04F79EFBC}") = "Test1", "Test1\Test1.csproj", "{29B1889B-90D7-4919-AD44-55016F5A3230}"
EndProject
Project("{FAE04EC0-301F-11D3-BF4B-00C04F79EFBC}") = "Test4", "Test4\Test4.csproj", "{E0421505-C1F4-4E89-A7CE-B6ACFBBDA78F}"
EndProject
Project("{FAE04EC0-301F-11D3-BF4B-00C04F79EFBC}") = "Test5_mod", "Test5_mod\Test5_mod.csproj", "{A3015284-FEB0-489F-9698-9C652F736D97}"
EndProject
Project("{FAE04EC0-301F-11D3-BF4B-00C04F79EFBC}") = "Test6_mod", "Test6_mod\Test6_mod.csproj", "{6EF90D9B-566B-4826-92AB-1B9DE647F83A}"
EndProject
Global
	GlobalSection(SolutionConfigurationPlatforms) = preSolution
		Debug|Any CPU = Debug|Any CPU
		Release|Any CPU = Release|Any CPU
	EndGlobalSection
	GlobalSection(ProjectConfigurationPlatforms) = postSolution
		{29B1889B-90D7-4919-AD44-55016F5A3230}.Debug|Any CPU.ActiveCfg = Debug|Any CPU
		{29B1889B-90D7-4919-AD44-55016F5A3230}.Debug|Any CPU.Build.0 = Debug|Any CPU
		{29B1889B-90D7-4919-AD44-55016F5A3230}.Release|Any CPU.ActiveCfg = Release|Any CPU
		{29B1889B-90D7-4919-AD44-55016F5A3230}.Release|Any CPU.Build.0 = Release|Any CPU
		{E0421505-C1F4-4E89-A7CE-B6ACFBBDA78F}.Debug|Any CPU.ActiveCfg = Debug|Any CPU
		{E0421505-C1F4-4E89-A7CE-B6ACFBBDA78F}.Debug|Any CPU.Build.0 = Debug|Any CPU
		{E0421505-C1F4-4E89-A7CE-B6ACFBBDA78F}.Release|Any CPU.ActiveCfg = Release|Any CPU
		{E0421505-C1F4-4E89-A7CE-B6ACFBBDA78F}.Release|Any CPU.Build.0 = Release|Any CPU
		{A3015284-FEB0-489F-9698-9C652F736D97}.Debug|Any CPU.ActiveCfg = Debug|Any CPU
		{A3015284-FEB0-489F-9698-9C652F736D97}.Debug|Any CPU.Build.0 = Debug|Any CPU
		{A3015284-FEB0-489F-9698-9C652F736D97}.Release|Any CPU.ActiveCfg = Release|Any CPU
		{A3015284-FEB0-489F-9698-9C652F736D97}.Release|Any CPU.Build.0 = Release|Any CPU
		{6EF90D9B-566B-4826-92AB-1B9DE647F83A}.Debug|Any CPU.ActiveCfg = Debug|Any CPU
		{6EF90D9B-566B-4826-92AB-1B9DE647F83A}.Debug|Any CPU.Build.0 = Debug|Any CPU
		{6EF90D9B-566B-4826-92AB-1B9DE647F83A}.Release|Any CPU.ActiveCfg = Release|Any CPU
		{6EF90D9B-566B-4826-92AB-1B9DE647F83A}.Release|Any CPU.Build.0 = Release|Any CPU
	EndGlobalSection
	GlobalSection(SolutionProperties) = preSolution
		HideSolutionNode = FALSE
	EndGlobalSection
	GlobalSection(ExtensibilityGlobals) = postSolution
		SolutionGuid = {2B4FA073-1776-4BDF-A541-7F58324A5245}
	EndGlobalSection
EndGlobal
